
Microsoft Visual Studio Solution File, Format Version 12.00
# Visual Studio 15
VisualStudioVersion = 15.0.28307.705
MinimumVisualStudioVersion = 10.0.40219.1
Project("{FAE04EC0-301F-11D3-BF4B-00C04F79EFBC}") = "WebSocket.Hello", "WebSocket.Hello\WebSocket.Hello.csproj", "{A2D5C40F-7F5A-488E-ABA1-096CF437B24B}"
EndProject
Global
	GlobalSection(SolutionConfigurationPlatforms) = preSolution
		Debug|Any CPU = Debug|Any CPU
		Release|Any CPU = Release|Any CPU
	EndGlobalSection
	GlobalSection(ProjectConfigurationPlatforms) = postSolution
		{A2D5C40F-7F5A-488E-ABA1-096CF437B24B}.Debug|Any CPU.ActiveCfg = Debug|Any CPU
		{A2D5C40F-7F5A-488E-ABA1-096CF437B24B}.Debug|Any CPU.Build.0 = Debug|Any CPU
		{A2D5C40F-7F5A-488E-ABA1-096CF437B24B}.Release|Any CPU.ActiveCfg = Release|Any CPU
		{A2D5C40F-7F5A-488E-ABA1-096CF437B24B}.Release|Any CPU.Build.0 = Release|Any CPU
	EndGlobalSection
	GlobalSection(SolutionProperties) = preSolution
		HideSolutionNode = FALSE
	EndGlobalSection
	GlobalSection(ExtensibilityGlobals) = postSolution
		SolutionGuid = {6CA54C37-CB5F-47F2-9158-74BA2249E1DB}
	EndGlobalSection
EndGlobal
