
Microsoft Visual Studio Solution File, Format Version 12.00
# Visual Studio 15
VisualStudioVersion = 15.0.28307.705
MinimumVisualStudioVersion = 10.0.40219.1
Project("{FAE04EC0-301F-11D3-BF4B-00C04F79EFBC}") = "Web.Hello", "Web.Hello\Web.Hello.csproj", "{190D6629-0BE0-447F-A8DC-30004CCA5DEC}"
EndProject
Global
	GlobalSection(SolutionConfigurationPlatforms) = preSolution
		Debug|Any CPU = Debug|Any CPU
		Release|Any CPU = Release|Any CPU
	EndGlobalSection
	GlobalSection(ProjectConfigurationPlatforms) = postSolution
		{190D6629-0BE0-447F-A8DC-30004CCA5DEC}.Debug|Any CPU.ActiveCfg = Debug|Any CPU
		{190D6629-0BE0-447F-A8DC-30004CCA5DEC}.Debug|Any CPU.Build.0 = Debug|Any CPU
		{190D6629-0BE0-447F-A8DC-30004CCA5DEC}.Release|Any CPU.ActiveCfg = Release|Any CPU
		{190D6629-0BE0-447F-A8DC-30004CCA5DEC}.Release|Any CPU.Build.0 = Release|Any CPU
	EndGlobalSection
	GlobalSection(SolutionProperties) = preSolution
		HideSolutionNode = FALSE
	EndGlobalSection
	GlobalSection(ExtensibilityGlobals) = postSolution
		SolutionGuid = {5726E76C-4AB7-4EF9-9E0A-28B575AB3E2E}
	EndGlobalSection
EndGlobal
