
Microsoft Visual Studio Solution File, Format Version 12.00
# Visual Studio 15
VisualStudioVersion = 15.0.27703.2026
MinimumVisualStudioVersion = 10.0.40219.1
Project("{9A19103F-16F7-4668-BE54-9A1E7A4F7556}") = "BeetleX.FastHttpApi", "src\BeetleX.FastHttpApi.csproj", "{F3F9B720-851A-4BDE-A2EC-EF98B7C8B6A9}"
EndProject
Project("{2150E333-8FDC-42A3-9474-1A3956D46DE8}") = "Samples", "Samples", "{74AFF152-DF0F-4D19-8CF1-5453E95C126F}"
EndProject
Project("{9A19103F-16F7-4668-BE54-9A1E7A4F7556}") = "HttpApiServer.Filters", "samples\HttpApiServer.Filters\HttpApiServer.Filters.csproj", "{92EB6BC1-7680-4684-87ED-FD2034F81F22}"
EndProject
Project("{9A19103F-16F7-4668-BE54-9A1E7A4F7556}") = "HttpApiServer.Web", "samples\HttpApiServer.Web\HttpApiServer.Web.csproj", "{9277DD69-CCD4-4A94-B369-193D1664B0D3}"
EndProject
Project("{9A19103F-16F7-4668-BE54-9A1E7A4F7556}") = "HttpApiServer.Cookies", "samples\HttpApiServer.Cookies\HttpApiServer.Cookies.csproj", "{A1BE1465-037F-432C-9AF3-4CB35F982A57}"
EndProject
Project("{9A19103F-16F7-4668-BE54-9A1E7A4F7556}") = "HttpApiServer.HttpAndWebsocketApi", "samples\HttpApiServer.HttpAndWebsocketApi\HttpApiServer.HttpAndWebsocketApi.csproj", "{CEFA643C-342C-4B8B-AC54-3E21374C7779}"
EndProject
Project("{9A19103F-16F7-4668-BE54-9A1E7A4F7556}") = "BeetleX.FastHttpApi.Admin", "Extend\BeetleX.FastHttpApi.Admin\BeetleX.FastHttpApi.Admin.csproj", "{343769E9-1292-456D-B55A-A0F0C5A9E6A6}"
EndProject
Project("{9A19103F-16F7-4668-BE54-9A1E7A4F7556}") = "HttpApiServer.Admin", "samples\HttpApiServer.Admin\HttpApiServer.Admin.csproj", "{4FEF2F5E-47E9-44F0-A71A-72E5EDDC9334}"
EndProject
Project("{9A19103F-16F7-4668-BE54-9A1E7A4F7556}") = "HttpApiServer.HelloWorld", "samples\HttpApiServer.HelloWorld\HttpApiServer.HelloWorld.csproj", "{D84C813C-A815-4186-9BB7-C2EC33AB0913}"
EndProject
Project("{9A19103F-16F7-4668-BE54-9A1E7A4F7556}") = "HttpApiServer.SimpleChatRoom", "samples\HttpApiServer.SimpleChatRoom\HttpApiServer.SimpleChatRoom.csproj", "{305CE559-7CD5-45AB-B828-0BF29D71AF93}"
EndProject
Project("{2150E333-8FDC-42A3-9474-1A3956D46DE8}") = "PerformanceTest", "PerformanceTest", "{D3C2884A-0DFC-45ED-ABD5-492564E20F0B}"
EndProject
Project("{9A19103F-16F7-4668-BE54-9A1E7A4F7556}") = "FastHttpApiWeb", "PerformanceTest\FastHttpApiWeb\FastHttpApiWeb.csproj", "{25013304-8D45-4034-9126-20D4BE0EC306}"
EndProject
Project("{9A19103F-16F7-4668-BE54-9A1E7A4F7556}") = "netcore", "PerformanceTest\netcore\netcore.csproj", "{72510BA9-384B-4F00-BA90-676F7A75180C}"
EndProject
Project("{9A19103F-16F7-4668-BE54-9A1E7A4F7556}") = "netcore-mvc", "PerformanceTest\netcore-mvc\netcore-mvc.csproj", "{CE2A182B-F9E6-4EBC-8974-17065E550856}"
EndProject
Project("{2150E333-8FDC-42A3-9474-1A3956D46DE8}") = "go", "go", "{91CE5B83-AA5B-44D0-86FF-A655F55EB77C}"
	ProjectSection(SolutionItems) = preProject
		PerformanceTest\go\main.go = PerformanceTest\go\main.go
	EndProjectSection
EndProject
Project("{9A19103F-16F7-4668-BE54-9A1E7A4F7556}") = "HttpApiServer.DataPost", "samples\HttpApiServer.DataPost\HttpApiServer.DataPost.csproj", "{3EDE740F-057A-419B-B37B-25FB7B1716F9}"
EndProject
Project("{9A19103F-16F7-4668-BE54-9A1E7A4F7556}") = "HttpApiServer.JWT", "samples\HttpApiServer.JWT\HttpApiServer.JWT.csproj", "{4603CF26-DCAF-4FFD-950F-BB0AAF33383D}"
EndProject
Project("{9A19103F-16F7-4668-BE54-9A1E7A4F7556}") = "HttpApiServer.UploadFile", "samples\HttpApiServer.UploadFile\HttpApiServer.UploadFile.csproj", "{A2694429-207E-49B5-9F76-F851E873C620}"
EndProject
Project("{9A19103F-16F7-4668-BE54-9A1E7A4F7556}") = "HttpApiServer.Options", "samples\HttpApiServer.Options\HttpApiServer.Options.csproj", "{F73141EE-158F-440E-8B33-A204EE25FD80}"
EndProject
Project("{9A19103F-16F7-4668-BE54-9A1E7A4F7556}") = "HttpApiServer.TaskActions", "samples\HttpApiServer.TaskActions\HttpApiServer.TaskActions.csproj", "{0A2E21F0-EE1C-4E23-938D-67BA02D4EE11}"
EndProject
Project("{2150E333-8FDC-42A3-9474-1A3956D46DE8}") = "Cluster", "Cluster", "{490BAE07-CCBD-4D5B-A5C1-33AA4261ECC8}"
EndProject
Project("{9A19103F-16F7-4668-BE54-9A1E7A4F7556}") = "Cluster.Server", "samples\Cluster.Server\Cluster.Server.csproj", "{D0BE6B6E-2410-4315-8798-D13F83D6B806}"
EndProject
Project("{9A19103F-16F7-4668-BE54-9A1E7A4F7556}") = "Cluster.Client", "samples\Cluster.Client\Cluster.Client.csproj", "{F54A6E09-8CED-482C-8678-67E008F6D85D}"
EndProject
Project("{9A19103F-16F7-4668-BE54-9A1E7A4F7556}") = "HttpApiServer.WebSocket", "samples\HttpApiServer.WebSocket\HttpApiServer.WebSocket.csproj", "{64A4D371-6639-476E-A73F-9B9A004B29C8}"
EndProject
Project("{9A19103F-16F7-4668-BE54-9A1E7A4F7556}") = "Crossdomain", "samples\Crossdomain\Crossdomain.csproj", "{F716BFDD-0DCE-473A-A63E-6B98D22CFB6E}"
EndProject
Project("{9A19103F-16F7-4668-BE54-9A1E7A4F7556}") = "HttpApiServer.ParametersValidation", "samples\HttpApiServer.ParametersValidation\HttpApiServer.ParametersValidation.csproj", "{92B1937D-68E5-49CA-A05C-92F0F7759F96}"
EndProject
Project("{9A19103F-16F7-4668-BE54-9A1E7A4F7556}") = "BeetleX.FastHttpApi.SpanJson", "Extend\BeetleX.FastHttpApi.SpanJson\BeetleX.FastHttpApi.SpanJson.csproj", "{FC3E4F02-CF05-44F0-93A2-5FDBDB0F3702}"
EndProject
Global
	GlobalSection(SolutionConfigurationPlatforms) = preSolution
		Debug|Any CPU = Debug|Any CPU
		Release|Any CPU = Release|Any CPU
	EndGlobalSection
	GlobalSection(ProjectConfigurationPlatforms) = postSolution
		{F3F9B720-851A-4BDE-A2EC-EF98B7C8B6A9}.Debug|Any CPU.ActiveCfg = Debug|Any CPU
		{F3F9B720-851A-4BDE-A2EC-EF98B7C8B6A9}.Debug|Any CPU.Build.0 = Debug|Any CPU
		{F3F9B720-851A-4BDE-A2EC-EF98B7C8B6A9}.Release|Any CPU.ActiveCfg = Release|Any CPU
		{F3F9B720-851A-4BDE-A2EC-EF98B7C8B6A9}.Release|Any CPU.Build.0 = Release|Any CPU
		{92EB6BC1-7680-4684-87ED-FD2034F81F22}.Debug|Any CPU.ActiveCfg = Debug|Any CPU
		{92EB6BC1-7680-4684-87ED-FD2034F81F22}.Debug|Any CPU.Build.0 = Debug|Any CPU
		{92EB6BC1-7680-4684-87ED-FD2034F81F22}.Release|Any CPU.ActiveCfg = Release|Any CPU
		{92EB6BC1-7680-4684-87ED-FD2034F81F22}.Release|Any CPU.Build.0 = Release|Any CPU
		{9277DD69-CCD4-4A94-B369-193D1664B0D3}.Debug|Any CPU.ActiveCfg = Debug|Any CPU
		{9277DD69-CCD4-4A94-B369-193D1664B0D3}.Debug|Any CPU.Build.0 = Debug|Any CPU
		{9277DD69-CCD4-4A94-B369-193D1664B0D3}.Release|Any CPU.ActiveCfg = Release|Any CPU
		{9277DD69-CCD4-4A94-B369-193D1664B0D3}.Release|Any CPU.Build.0 = Release|Any CPU
		{A1BE1465-037F-432C-9AF3-4CB35F982A57}.Debug|Any CPU.ActiveCfg = Debug|Any CPU
		{A1BE1465-037F-432C-9AF3-4CB35F982A57}.Debug|Any CPU.Build.0 = Debug|Any CPU
		{A1BE1465-037F-432C-9AF3-4CB35F982A57}.Release|Any CPU.ActiveCfg = Release|Any CPU
		{A1BE1465-037F-432C-9AF3-4CB35F982A57}.Release|Any CPU.Build.0 = Release|Any CPU
		{CEFA643C-342C-4B8B-AC54-3E21374C7779}.Debug|Any CPU.ActiveCfg = Debug|Any CPU
		{CEFA643C-342C-4B8B-AC54-3E21374C7779}.Debug|Any CPU.Build.0 = Debug|Any CPU
		{CEFA643C-342C-4B8B-AC54-3E21374C7779}.Release|Any CPU.ActiveCfg = Release|Any CPU
		{CEFA643C-342C-4B8B-AC54-3E21374C7779}.Release|Any CPU.Build.0 = Release|Any CPU
		{343769E9-1292-456D-B55A-A0F0C5A9E6A6}.Debug|Any CPU.ActiveCfg = Debug|Any CPU
		{343769E9-1292-456D-B55A-A0F0C5A9E6A6}.Debug|Any CPU.Build.0 = Debug|Any CPU
		{343769E9-1292-456D-B55A-A0F0C5A9E6A6}.Release|Any CPU.ActiveCfg = Release|Any CPU
		{343769E9-1292-456D-B55A-A0F0C5A9E6A6}.Release|Any CPU.Build.0 = Release|Any CPU
		{4FEF2F5E-47E9-44F0-A71A-72E5EDDC9334}.Debug|Any CPU.ActiveCfg = Debug|Any CPU
		{4FEF2F5E-47E9-44F0-A71A-72E5EDDC9334}.Debug|Any CPU.Build.0 = Debug|Any CPU
		{4FEF2F5E-47E9-44F0-A71A-72E5EDDC9334}.Release|Any CPU.ActiveCfg = Release|Any CPU
		{4FEF2F5E-47E9-44F0-A71A-72E5EDDC9334}.Release|Any CPU.Build.0 = Release|Any CPU
		{D84C813C-A815-4186-9BB7-C2EC33AB0913}.Debug|Any CPU.ActiveCfg = Debug|Any CPU
		{D84C813C-A815-4186-9BB7-C2EC33AB0913}.Debug|Any CPU.Build.0 = Debug|Any CPU
		{D84C813C-A815-4186-9BB7-C2EC33AB0913}.Release|Any CPU.ActiveCfg = Release|Any CPU
		{D84C813C-A815-4186-9BB7-C2EC33AB0913}.Release|Any CPU.Build.0 = Release|Any CPU
		{305CE559-7CD5-45AB-B828-0BF29D71AF93}.Debug|Any CPU.ActiveCfg = Debug|Any CPU
		{305CE559-7CD5-45AB-B828-0BF29D71AF93}.Debug|Any CPU.Build.0 = Debug|Any CPU
		{305CE559-7CD5-45AB-B828-0BF29D71AF93}.Release|Any CPU.ActiveCfg = Release|Any CPU
		{305CE559-7CD5-45AB-B828-0BF29D71AF93}.Release|Any CPU.Build.0 = Release|Any CPU
		{25013304-8D45-4034-9126-20D4BE0EC306}.Debug|Any CPU.ActiveCfg = Debug|Any CPU
		{25013304-8D45-4034-9126-20D4BE0EC306}.Debug|Any CPU.Build.0 = Debug|Any CPU
		{25013304-8D45-4034-9126-20D4BE0EC306}.Release|Any CPU.ActiveCfg = Release|Any CPU
		{25013304-8D45-4034-9126-20D4BE0EC306}.Release|Any CPU.Build.0 = Release|Any CPU
		{72510BA9-384B-4F00-BA90-676F7A75180C}.Debug|Any CPU.ActiveCfg = Debug|Any CPU
		{72510BA9-384B-4F00-BA90-676F7A75180C}.Debug|Any CPU.Build.0 = Debug|Any CPU
		{72510BA9-384B-4F00-BA90-676F7A75180C}.Release|Any CPU.ActiveCfg = Release|Any CPU
		{72510BA9-384B-4F00-BA90-676F7A75180C}.Release|Any CPU.Build.0 = Release|Any CPU
		{CE2A182B-F9E6-4EBC-8974-17065E550856}.Debug|Any CPU.ActiveCfg = Debug|Any CPU
		{CE2A182B-F9E6-4EBC-8974-17065E550856}.Debug|Any CPU.Build.0 = Debug|Any CPU
		{CE2A182B-F9E6-4EBC-8974-17065E550856}.Release|Any CPU.ActiveCfg = Release|Any CPU
		{CE2A182B-F9E6-4EBC-8974-17065E550856}.Release|Any CPU.Build.0 = Release|Any CPU
		{3EDE740F-057A-419B-B37B-25FB7B1716F9}.Debug|Any CPU.ActiveCfg = Debug|Any CPU
		{3EDE740F-057A-419B-B37B-25FB7B1716F9}.Debug|Any CPU.Build.0 = Debug|Any CPU
		{3EDE740F-057A-419B-B37B-25FB7B1716F9}.Release|Any CPU.ActiveCfg = Release|Any CPU
		{3EDE740F-057A-419B-B37B-25FB7B1716F9}.Release|Any CPU.Build.0 = Release|Any CPU
		{4603CF26-DCAF-4FFD-950F-BB0AAF33383D}.Debug|Any CPU.ActiveCfg = Debug|Any CPU
		{4603CF26-DCAF-4FFD-950F-BB0AAF33383D}.Debug|Any CPU.Build.0 = Debug|Any CPU
		{4603CF26-DCAF-4FFD-950F-BB0AAF33383D}.Release|Any CPU.ActiveCfg = Release|Any CPU
		{4603CF26-DCAF-4FFD-950F-BB0AAF33383D}.Release|Any CPU.Build.0 = Release|Any CPU
		{A2694429-207E-49B5-9F76-F851E873C620}.Debug|Any CPU.ActiveCfg = Debug|Any CPU
		{A2694429-207E-49B5-9F76-F851E873C620}.Debug|Any CPU.Build.0 = Debug|Any CPU
		{A2694429-207E-49B5-9F76-F851E873C620}.Release|Any CPU.ActiveCfg = Release|Any CPU
		{A2694429-207E-49B5-9F76-F851E873C620}.Release|Any CPU.Build.0 = Release|Any CPU
		{F73141EE-158F-440E-8B33-A204EE25FD80}.Debug|Any CPU.ActiveCfg = Debug|Any CPU
		{F73141EE-158F-440E-8B33-A204EE25FD80}.Debug|Any CPU.Build.0 = Debug|Any CPU
		{F73141EE-158F-440E-8B33-A204EE25FD80}.Release|Any CPU.ActiveCfg = Release|Any CPU
		{F73141EE-158F-440E-8B33-A204EE25FD80}.Release|Any CPU.Build.0 = Release|Any CPU
		{0A2E21F0-EE1C-4E23-938D-67BA02D4EE11}.Debug|Any CPU.ActiveCfg = Debug|Any CPU
		{0A2E21F0-EE1C-4E23-938D-67BA02D4EE11}.Debug|Any CPU.Build.0 = Debug|Any CPU
		{0A2E21F0-EE1C-4E23-938D-67BA02D4EE11}.Release|Any CPU.ActiveCfg = Release|Any CPU
		{0A2E21F0-EE1C-4E23-938D-67BA02D4EE11}.Release|Any CPU.Build.0 = Release|Any CPU
		{D0BE6B6E-2410-4315-8798-D13F83D6B806}.Debug|Any CPU.ActiveCfg = Debug|Any CPU
		{D0BE6B6E-2410-4315-8798-D13F83D6B806}.Debug|Any CPU.Build.0 = Debug|Any CPU
		{D0BE6B6E-2410-4315-8798-D13F83D6B806}.Release|Any CPU.ActiveCfg = Release|Any CPU
		{D0BE6B6E-2410-4315-8798-D13F83D6B806}.Release|Any CPU.Build.0 = Release|Any CPU
		{F54A6E09-8CED-482C-8678-67E008F6D85D}.Debug|Any CPU.ActiveCfg = Debug|Any CPU
		{F54A6E09-8CED-482C-8678-67E008F6D85D}.Debug|Any CPU.Build.0 = Debug|Any CPU
		{F54A6E09-8CED-482C-8678-67E008F6D85D}.Release|Any CPU.ActiveCfg = Release|Any CPU
		{F54A6E09-8CED-482C-8678-67E008F6D85D}.Release|Any CPU.Build.0 = Release|Any CPU
		{64A4D371-6639-476E-A73F-9B9A004B29C8}.Debug|Any CPU.ActiveCfg = Debug|Any CPU
		{64A4D371-6639-476E-A73F-9B9A004B29C8}.Debug|Any CPU.Build.0 = Debug|Any CPU
		{64A4D371-6639-476E-A73F-9B9A004B29C8}.Release|Any CPU.ActiveCfg = Release|Any CPU
		{64A4D371-6639-476E-A73F-9B9A004B29C8}.Release|Any CPU.Build.0 = Release|Any CPU
		{F716BFDD-0DCE-473A-A63E-6B98D22CFB6E}.Debug|Any CPU.ActiveCfg = Debug|Any CPU
		{F716BFDD-0DCE-473A-A63E-6B98D22CFB6E}.Debug|Any CPU.Build.0 = Debug|Any CPU
		{F716BFDD-0DCE-473A-A63E-6B98D22CFB6E}.Release|Any CPU.ActiveCfg = Release|Any CPU
		{F716BFDD-0DCE-473A-A63E-6B98D22CFB6E}.Release|Any CPU.Build.0 = Release|Any CPU
		{92B1937D-68E5-49CA-A05C-92F0F7759F96}.Debug|Any CPU.ActiveCfg = Debug|Any CPU
		{92B1937D-68E5-49CA-A05C-92F0F7759F96}.Debug|Any CPU.Build.0 = Debug|Any CPU
		{92B1937D-68E5-49CA-A05C-92F0F7759F96}.Release|Any CPU.ActiveCfg = Release|Any CPU
		{92B1937D-68E5-49CA-A05C-92F0F7759F96}.Release|Any CPU.Build.0 = Release|Any CPU
		{FC3E4F02-CF05-44F0-93A2-5FDBDB0F3702}.Debug|Any CPU.ActiveCfg = Debug|Any CPU
		{FC3E4F02-CF05-44F0-93A2-5FDBDB0F3702}.Debug|Any CPU.Build.0 = Debug|Any CPU
		{FC3E4F02-CF05-44F0-93A2-5FDBDB0F3702}.Release|Any CPU.ActiveCfg = Release|Any CPU
		{FC3E4F02-CF05-44F0-93A2-5FDBDB0F3702}.Release|Any CPU.Build.0 = Release|Any CPU
	EndGlobalSection
	GlobalSection(SolutionProperties) = preSolution
		HideSolutionNode = FALSE
	EndGlobalSection
	GlobalSection(NestedProjects) = preSolution
		{92EB6BC1-7680-4684-87ED-FD2034F81F22} = {74AFF152-DF0F-4D19-8CF1-5453E95C126F}
		{9277DD69-CCD4-4A94-B369-193D1664B0D3} = {74AFF152-DF0F-4D19-8CF1-5453E95C126F}
		{A1BE1465-037F-432C-9AF3-4CB35F982A57} = {74AFF152-DF0F-4D19-8CF1-5453E95C126F}
		{CEFA643C-342C-4B8B-AC54-3E21374C7779} = {74AFF152-DF0F-4D19-8CF1-5453E95C126F}
		{4FEF2F5E-47E9-44F0-A71A-72E5EDDC9334} = {74AFF152-DF0F-4D19-8CF1-5453E95C126F}
		{D84C813C-A815-4186-9BB7-C2EC33AB0913} = {74AFF152-DF0F-4D19-8CF1-5453E95C126F}
		{305CE559-7CD5-45AB-B828-0BF29D71AF93} = {74AFF152-DF0F-4D19-8CF1-5453E95C126F}
		{25013304-8D45-4034-9126-20D4BE0EC306} = {D3C2884A-0DFC-45ED-ABD5-492564E20F0B}
		{72510BA9-384B-4F00-BA90-676F7A75180C} = {D3C2884A-0DFC-45ED-ABD5-492564E20F0B}
		{CE2A182B-F9E6-4EBC-8974-17065E550856} = {D3C2884A-0DFC-45ED-ABD5-492564E20F0B}
		{91CE5B83-AA5B-44D0-86FF-A655F55EB77C} = {D3C2884A-0DFC-45ED-ABD5-492564E20F0B}
		{3EDE740F-057A-419B-B37B-25FB7B1716F9} = {74AFF152-DF0F-4D19-8CF1-5453E95C126F}
		{4603CF26-DCAF-4FFD-950F-BB0AAF33383D} = {74AFF152-DF0F-4D19-8CF1-5453E95C126F}
		{A2694429-207E-49B5-9F76-F851E873C620} = {74AFF152-DF0F-4D19-8CF1-5453E95C126F}
		{F73141EE-158F-440E-8B33-A204EE25FD80} = {74AFF152-DF0F-4D19-8CF1-5453E95C126F}
		{0A2E21F0-EE1C-4E23-938D-67BA02D4EE11} = {74AFF152-DF0F-4D19-8CF1-5453E95C126F}
		{D0BE6B6E-2410-4315-8798-D13F83D6B806} = {490BAE07-CCBD-4D5B-A5C1-33AA4261ECC8}
		{F54A6E09-8CED-482C-8678-67E008F6D85D} = {490BAE07-CCBD-4D5B-A5C1-33AA4261ECC8}
		{64A4D371-6639-476E-A73F-9B9A004B29C8} = {74AFF152-DF0F-4D19-8CF1-5453E95C126F}
		{F716BFDD-0DCE-473A-A63E-6B98D22CFB6E} = {74AFF152-DF0F-4D19-8CF1-5453E95C126F}
		{92B1937D-68E5-49CA-A05C-92F0F7759F96} = {74AFF152-DF0F-4D19-8CF1-5453E95C126F}
	EndGlobalSection
	GlobalSection(ExtensibilityGlobals) = postSolution
		SolutionGuid = {988EEA11-1C48-44A4-9DF0-1C3D08600A4F}
	EndGlobalSection
EndGlobal
