
Microsoft Visual Studio Solution File, Format Version 12.00
# Visual Studio 15
VisualStudioVersion = 15.0.27703.2026
MinimumVisualStudioVersion = 10.0.40219.1
Project("{9A19103F-16F7-4668-BE54-9A1E7A4F7556}") = "BeetleX.FastHttpApi", "src\BeetleX.FastHttpApi.csproj", "{F3F9B720-851A-4BDE-A2EC-EF98B7C8B6A9}"
EndProject
Project("{2150E333-8FDC-42A3-9474-1A3956D46DE8}") = "Samples", "Samples", "{74AFF152-DF0F-4D19-8CF1-5453E95C126F}"
EndProject
Project("{9A19103F-16F7-4668-BE54-9A1E7A4F7556}") = "HttpApiServer.StringBody", "samples\HttpApiServer.StringBody\HttpApiServer.StringBody.csproj", "{1BB90467-89FD-459F-B2C4-B15CBA7F1B0F}"
EndProject
Project("{9A19103F-16F7-4668-BE54-9A1E7A4F7556}") = "HttpApiServer.JsonBody", "samples\HttpApiServer.JsonBody\HttpApiServer.JsonBody.csproj", "{31720C8E-983C-48E5-8CF7-35C273A1A42B}"
EndProject
Project("{9A19103F-16F7-4668-BE54-9A1E7A4F7556}") = "HttpApiServer.Filters", "samples\HttpApiServer.Filters\HttpApiServer.Filters.csproj", "{92EB6BC1-7680-4684-87ED-FD2034F81F22}"
EndProject
Project("{9A19103F-16F7-4668-BE54-9A1E7A4F7556}") = "HttpApiServer.Web", "samples\HttpApiServer.Web\HttpApiServer.Web.csproj", "{9277DD69-CCD4-4A94-B369-193D1664B0D3}"
EndProject
Project("{9A19103F-16F7-4668-BE54-9A1E7A4F7556}") = "HttpApiServer.Cookies", "samples\HttpApiServer.Cookies\HttpApiServer.Cookies.csproj", "{A1BE1465-037F-432C-9AF3-4CB35F982A57}"
EndProject
Project("{FAE04EC0-301F-11D3-BF4B-00C04F79EFBC}") = "HttpApiServer.WebApplication", "samples\HttpApiServer.WebApplication\HttpApiServer.WebApplication.csproj", "{3BFBE540-C43A-4A09-89E5-E0E0AF1A7322}"
EndProject
Global
	GlobalSection(SolutionConfigurationPlatforms) = preSolution
		Debug|Any CPU = Debug|Any CPU
		Release|Any CPU = Release|Any CPU
	EndGlobalSection
	GlobalSection(ProjectConfigurationPlatforms) = postSolution
		{F3F9B720-851A-4BDE-A2EC-EF98B7C8B6A9}.Debug|Any CPU.ActiveCfg = Debug|Any CPU
		{F3F9B720-851A-4BDE-A2EC-EF98B7C8B6A9}.Debug|Any CPU.Build.0 = Debug|Any CPU
		{F3F9B720-851A-4BDE-A2EC-EF98B7C8B6A9}.Release|Any CPU.ActiveCfg = Release|Any CPU
		{F3F9B720-851A-4BDE-A2EC-EF98B7C8B6A9}.Release|Any CPU.Build.0 = Release|Any CPU
		{1BB90467-89FD-459F-B2C4-B15CBA7F1B0F}.Debug|Any CPU.ActiveCfg = Debug|Any CPU
		{1BB90467-89FD-459F-B2C4-B15CBA7F1B0F}.Debug|Any CPU.Build.0 = Debug|Any CPU
		{1BB90467-89FD-459F-B2C4-B15CBA7F1B0F}.Release|Any CPU.ActiveCfg = Release|Any CPU
		{1BB90467-89FD-459F-B2C4-B15CBA7F1B0F}.Release|Any CPU.Build.0 = Release|Any CPU
		{31720C8E-983C-48E5-8CF7-35C273A1A42B}.Debug|Any CPU.ActiveCfg = Debug|Any CPU
		{31720C8E-983C-48E5-8CF7-35C273A1A42B}.Debug|Any CPU.Build.0 = Debug|Any CPU
		{31720C8E-983C-48E5-8CF7-35C273A1A42B}.Release|Any CPU.ActiveCfg = Release|Any CPU
		{31720C8E-983C-48E5-8CF7-35C273A1A42B}.Release|Any CPU.Build.0 = Release|Any CPU
		{92EB6BC1-7680-4684-87ED-FD2034F81F22}.Debug|Any CPU.ActiveCfg = Debug|Any CPU
		{92EB6BC1-7680-4684-87ED-FD2034F81F22}.Debug|Any CPU.Build.0 = Debug|Any CPU
		{92EB6BC1-7680-4684-87ED-FD2034F81F22}.Release|Any CPU.ActiveCfg = Release|Any CPU
		{92EB6BC1-7680-4684-87ED-FD2034F81F22}.Release|Any CPU.Build.0 = Release|Any CPU
		{9277DD69-CCD4-4A94-B369-193D1664B0D3}.Debug|Any CPU.ActiveCfg = Debug|Any CPU
		{9277DD69-CCD4-4A94-B369-193D1664B0D3}.Debug|Any CPU.Build.0 = Debug|Any CPU
		{9277DD69-CCD4-4A94-B369-193D1664B0D3}.Release|Any CPU.ActiveCfg = Release|Any CPU
		{9277DD69-CCD4-4A94-B369-193D1664B0D3}.Release|Any CPU.Build.0 = Release|Any CPU
		{A1BE1465-037F-432C-9AF3-4CB35F982A57}.Debug|Any CPU.ActiveCfg = Debug|Any CPU
		{A1BE1465-037F-432C-9AF3-4CB35F982A57}.Debug|Any CPU.Build.0 = Debug|Any CPU
		{A1BE1465-037F-432C-9AF3-4CB35F982A57}.Release|Any CPU.ActiveCfg = Release|Any CPU
		{A1BE1465-037F-432C-9AF3-4CB35F982A57}.Release|Any CPU.Build.0 = Release|Any CPU
		{3BFBE540-C43A-4A09-89E5-E0E0AF1A7322}.Debug|Any CPU.ActiveCfg = Debug|Any CPU
		{3BFBE540-C43A-4A09-89E5-E0E0AF1A7322}.Debug|Any CPU.Build.0 = Debug|Any CPU
		{3BFBE540-C43A-4A09-89E5-E0E0AF1A7322}.Release|Any CPU.ActiveCfg = Release|Any CPU
		{3BFBE540-C43A-4A09-89E5-E0E0AF1A7322}.Release|Any CPU.Build.0 = Release|Any CPU
	EndGlobalSection
	GlobalSection(SolutionProperties) = preSolution
		HideSolutionNode = FALSE
	EndGlobalSection
	GlobalSection(NestedProjects) = preSolution
		{1BB90467-89FD-459F-B2C4-B15CBA7F1B0F} = {74AFF152-DF0F-4D19-8CF1-5453E95C126F}
		{31720C8E-983C-48E5-8CF7-35C273A1A42B} = {74AFF152-DF0F-4D19-8CF1-5453E95C126F}
		{92EB6BC1-7680-4684-87ED-FD2034F81F22} = {74AFF152-DF0F-4D19-8CF1-5453E95C126F}
		{9277DD69-CCD4-4A94-B369-193D1664B0D3} = {74AFF152-DF0F-4D19-8CF1-5453E95C126F}
		{A1BE1465-037F-432C-9AF3-4CB35F982A57} = {74AFF152-DF0F-4D19-8CF1-5453E95C126F}
		{3BFBE540-C43A-4A09-89E5-E0E0AF1A7322} = {74AFF152-DF0F-4D19-8CF1-5453E95C126F}
	EndGlobalSection
	GlobalSection(ExtensibilityGlobals) = postSolution
		SolutionGuid = {988EEA11-1C48-44A4-9DF0-1C3D08600A4F}
	EndGlobalSection
EndGlobal
