
Microsoft Visual Studio Solution File, Format Version 12.00
# Visual Studio 15
VisualStudioVersion = 15.0.28307.705
MinimumVisualStudioVersion = 10.0.40219.1
Project("{FAE04EC0-301F-11D3-BF4B-00C04F79EFBC}") = "Web.UploadFiles", "Web.UploadFiles\Web.UploadFiles.csproj", "{9D96443F-5250-4C2A-AFEE-D7DDF40B921E}"
EndProject
Global
	GlobalSection(SolutionConfigurationPlatforms) = preSolution
		Debug|Any CPU = Debug|Any CPU
		Release|Any CPU = Release|Any CPU
	EndGlobalSection
	GlobalSection(ProjectConfigurationPlatforms) = postSolution
		{9D96443F-5250-4C2A-AFEE-D7DDF40B921E}.Debug|Any CPU.ActiveCfg = Debug|Any CPU
		{9D96443F-5250-4C2A-AFEE-D7DDF40B921E}.Debug|Any CPU.Build.0 = Debug|Any CPU
		{9D96443F-5250-4C2A-AFEE-D7DDF40B921E}.Release|Any CPU.ActiveCfg = Release|Any CPU
		{9D96443F-5250-4C2A-AFEE-D7DDF40B921E}.Release|Any CPU.Build.0 = Release|Any CPU
	EndGlobalSection
	GlobalSection(SolutionProperties) = preSolution
		HideSolutionNode = FALSE
	EndGlobalSection
	GlobalSection(ExtensibilityGlobals) = postSolution
		SolutionGuid = {C5289138-C515-484E-B7CF-DDD6D0ADA4A2}
	EndGlobalSection
EndGlobal
