
Microsoft Visual Studio Solution File, Format Version 12.00
# Visual Studio 15
VisualStudioVersion = 15.0.28307.705
MinimumVisualStudioVersion = 10.0.40219.1
Project("{FAE04EC0-301F-11D3-BF4B-00C04F79EFBC}") = "Web.HeaderAndCookies", "Web.HeaderAndCookies\Web.HeaderAndCookies.csproj", "{A51B5486-FFED-494E-97AC-699C4964B224}"
EndProject
Global
	GlobalSection(SolutionConfigurationPlatforms) = preSolution
		Debug|Any CPU = Debug|Any CPU
		Release|Any CPU = Release|Any CPU
	EndGlobalSection
	GlobalSection(ProjectConfigurationPlatforms) = postSolution
		{A51B5486-FFED-494E-97AC-699C4964B224}.Debug|Any CPU.ActiveCfg = Debug|Any CPU
		{A51B5486-FFED-494E-97AC-699C4964B224}.Debug|Any CPU.Build.0 = Debug|Any CPU
		{A51B5486-FFED-494E-97AC-699C4964B224}.Release|Any CPU.ActiveCfg = Release|Any CPU
		{A51B5486-FFED-494E-97AC-699C4964B224}.Release|Any CPU.Build.0 = Release|Any CPU
	EndGlobalSection
	GlobalSection(SolutionProperties) = preSolution
		HideSolutionNode = FALSE
	EndGlobalSection
	GlobalSection(ExtensibilityGlobals) = postSolution
		SolutionGuid = {6FF62E8E-2852-42F0-A3A7-71CD86A72933}
	EndGlobalSection
EndGlobal
