
Microsoft Visual Studio Solution File, Format Version 12.00
# Visual Studio 15
VisualStudioVersion = 15.0.28307.705
MinimumVisualStudioVersion = 10.0.40219.1
Project("{FAE04EC0-301F-11D3-BF4B-00C04F79EFBC}") = "Web.UrlRewrite", "Web.UrlRewrite\Web.UrlRewrite.csproj", "{E43D2F81-3E3A-491D-A3A1-762EBCF03193}"
EndProject
Global
	GlobalSection(SolutionConfigurationPlatforms) = preSolution
		Debug|Any CPU = Debug|Any CPU
		Release|Any CPU = Release|Any CPU
	EndGlobalSection
	GlobalSection(ProjectConfigurationPlatforms) = postSolution
		{E43D2F81-3E3A-491D-A3A1-762EBCF03193}.Debug|Any CPU.ActiveCfg = Debug|Any CPU
		{E43D2F81-3E3A-491D-A3A1-762EBCF03193}.Debug|Any CPU.Build.0 = Debug|Any CPU
		{E43D2F81-3E3A-491D-A3A1-762EBCF03193}.Release|Any CPU.ActiveCfg = Release|Any CPU
		{E43D2F81-3E3A-491D-A3A1-762EBCF03193}.Release|Any CPU.Build.0 = Release|Any CPU
	EndGlobalSection
	GlobalSection(SolutionProperties) = preSolution
		HideSolutionNode = FALSE
	EndGlobalSection
	GlobalSection(ExtensibilityGlobals) = postSolution
		SolutionGuid = {7762CA81-5F81-410B-8304-F76E920EB22F}
	EndGlobalSection
EndGlobal
