
Microsoft Visual Studio Solution File, Format Version 12.00
# Visual Studio 15
VisualStudioVersion = 15.0.28010.2036
MinimumVisualStudioVersion = 10.0.40219.1
Project("{9A19103F-16F7-4668-BE54-9A1E7A4F7556}") = "FastApiClient", "FastApiClient\FastApiClient.csproj", "{645B65D9-D8AD-4718-AD5C-92BEFA21345C}"
EndProject
Project("{9A19103F-16F7-4668-BE54-9A1E7A4F7556}") = "WebServer", "WebServer\WebServer.csproj", "{2569588A-DD8A-43F8-A055-946E559DB22D}"
EndProject
Project("{FAE04EC0-301F-11D3-BF4B-00C04F79EFBC}") = "FastApiClusterClient", "FastApiClusterClient\FastApiClusterClient.csproj", "{0282A7E7-CE19-4040-B650-39D85B8E9D6E}"
EndProject
Global
	GlobalSection(SolutionConfigurationPlatforms) = preSolution
		Debug|Any CPU = Debug|Any CPU
		Release|Any CPU = Release|Any CPU
	EndGlobalSection
	GlobalSection(ProjectConfigurationPlatforms) = postSolution
		{645B65D9-D8AD-4718-AD5C-92BEFA21345C}.Debug|Any CPU.ActiveCfg = Debug|Any CPU
		{645B65D9-D8AD-4718-AD5C-92BEFA21345C}.Debug|Any CPU.Build.0 = Debug|Any CPU
		{645B65D9-D8AD-4718-AD5C-92BEFA21345C}.Release|Any CPU.ActiveCfg = Release|Any CPU
		{645B65D9-D8AD-4718-AD5C-92BEFA21345C}.Release|Any CPU.Build.0 = Release|Any CPU
		{2569588A-DD8A-43F8-A055-946E559DB22D}.Debug|Any CPU.ActiveCfg = Debug|Any CPU
		{2569588A-DD8A-43F8-A055-946E559DB22D}.Debug|Any CPU.Build.0 = Debug|Any CPU
		{2569588A-DD8A-43F8-A055-946E559DB22D}.Release|Any CPU.ActiveCfg = Release|Any CPU
		{2569588A-DD8A-43F8-A055-946E559DB22D}.Release|Any CPU.Build.0 = Release|Any CPU
		{0282A7E7-CE19-4040-B650-39D85B8E9D6E}.Debug|Any CPU.ActiveCfg = Debug|Any CPU
		{0282A7E7-CE19-4040-B650-39D85B8E9D6E}.Debug|Any CPU.Build.0 = Debug|Any CPU
		{0282A7E7-CE19-4040-B650-39D85B8E9D6E}.Release|Any CPU.ActiveCfg = Release|Any CPU
		{0282A7E7-CE19-4040-B650-39D85B8E9D6E}.Release|Any CPU.Build.0 = Release|Any CPU
	EndGlobalSection
	GlobalSection(SolutionProperties) = preSolution
		HideSolutionNode = FALSE
	EndGlobalSection
	GlobalSection(ExtensibilityGlobals) = postSolution
		SolutionGuid = {EF2C4991-9DA2-468E-8413-E3EBFD26D8A2}
	EndGlobalSection
EndGlobal
